
Microsoft Visual Studio Solution File, Format Version 12.00
# Visual Studio Version 17
VisualStudioVersion = 17.9.34607.119
MinimumVisualStudioVersion = 10.0.40219.1
Project("{FAE04EC0-301F-11D3-BF4B-00C04F79EFBC}") = "Correo", "Correo\Correo.csproj", "{7E83695D-FD95-4941-8173-AA475DE23152}"
EndProject
Global
	GlobalSection(SolutionConfigurationPlatforms) = preSolution
		Debug|Any CPU = Debug|Any CPU
		Release|Any CPU = Release|Any CPU
	EndGlobalSection
	GlobalSection(ProjectConfigurationPlatforms) = postSolution
		{7E83695D-FD95-4941-8173-AA475DE23152}.Debug|Any CPU.ActiveCfg = Debug|Any CPU
		{7E83695D-FD95-4941-8173-AA475DE23152}.Debug|Any CPU.Build.0 = Debug|Any CPU
		{7E83695D-FD95-4941-8173-AA475DE23152}.Release|Any CPU.ActiveCfg = Release|Any CPU
		{7E83695D-FD95-4941-8173-AA475DE23152}.Release|Any CPU.Build.0 = Release|Any CPU
	EndGlobalSection
	GlobalSection(SolutionProperties) = preSolution
		HideSolutionNode = FALSE
	EndGlobalSection
	GlobalSection(ExtensibilityGlobals) = postSolution
		SolutionGuid = {D54298C0-48AA-45BB-857F-E68F27EB5EA2}
	EndGlobalSection
EndGlobal
